
Microsoft Visual Studio Solution File, Format Version 12.00
# Visual Studio 2013
VisualStudioVersion = 12.0.21005.1
MinimumVisualStudioVersion = 10.0.40219.1
Project("{FAE04EC0-301F-11D3-BF4B-00C04F79EFBC}") = "4. HelloCSharp", "4. HelloCSharp\4. HelloCSharp.csproj", "{83F60752-5B16-4F05-8E51-178E34E047FE}"
EndProject
Project("{FAE04EC0-301F-11D3-BF4B-00C04F79EFBC}") = "5. PrintMyName", "5. PrintMyName\5. PrintMyName.csproj", "{DFB6D84A-FF9F-4265-BB2C-35BF7A704D11}"
EndProject
Project("{FAE04EC0-301F-11D3-BF4B-00C04F79EFBC}") = "6. PrintNumbers", "6. PrintNumbers\6. PrintNumbers.csproj", "{AC9C6787-D989-48B7-88FE-1AE28E7E4A2A}"
EndProject
Project("{FAE04EC0-301F-11D3-BF4B-00C04F79EFBC}") = "7. FirstAndLastName", "7. FirstAndLastName\7. FirstAndLastName.csproj", "{D20A4FD3-E0E4-471B-957D-E49389221001}"
EndProject
Project("{FAE04EC0-301F-11D3-BF4B-00C04F79EFBC}") = "8. SquareRoot", "8. SquareRoot\8. SquareRoot.csproj", "{98B5F140-3B91-450A-BACC-8A039A10D717}"
EndProject
Project("{FAE04EC0-301F-11D3-BF4B-00C04F79EFBC}") = "9. PrintSequence", "9. PrintSequence\9. PrintSequence.csproj", "{0D118EDE-78DD-40DB-82BE-F9AB0090F26A}"
EndProject
Project("{FAE04EC0-301F-11D3-BF4B-00C04F79EFBC}") = "10. ReformatCode", "10. ReformatCode\10. ReformatCode.csproj", "{D0C07181-A087-41AD-8C18-4F0FDFF2DAD8}"
EndProject
Project("{FAE04EC0-301F-11D3-BF4B-00C04F79EFBC}") = "14. DateAndTime", "14. DateAndTime\14. DateAndTime.csproj", "{2617E034-E9DD-4082-9D82-19AC3BAA75BD}"
EndProject
Project("{FAE04EC0-301F-11D3-BF4B-00C04F79EFBC}") = "15. AfterTenYears", "15. AfterTenYears\15. AfterTenYears.csproj", "{BBDD3AC4-5757-43BE-8B6E-94843F465994}"
EndProject
Project("{FAE04EC0-301F-11D3-BF4B-00C04F79EFBC}") = "16. LongSequence", "16. LongSequence\16. LongSequence.csproj", "{EECCCE96-8CAE-4CE7-B760-E1609CEC2489}"
EndProject
Global
	GlobalSection(SolutionConfigurationPlatforms) = preSolution
		Debug|Any CPU = Debug|Any CPU
		Release|Any CPU = Release|Any CPU
	EndGlobalSection
	GlobalSection(ProjectConfigurationPlatforms) = postSolution
		{83F60752-5B16-4F05-8E51-178E34E047FE}.Debug|Any CPU.ActiveCfg = Debug|Any CPU
		{83F60752-5B16-4F05-8E51-178E34E047FE}.Debug|Any CPU.Build.0 = Debug|Any CPU
		{83F60752-5B16-4F05-8E51-178E34E047FE}.Release|Any CPU.ActiveCfg = Release|Any CPU
		{83F60752-5B16-4F05-8E51-178E34E047FE}.Release|Any CPU.Build.0 = Release|Any CPU
		{DFB6D84A-FF9F-4265-BB2C-35BF7A704D11}.Debug|Any CPU.ActiveCfg = Debug|Any CPU
		{DFB6D84A-FF9F-4265-BB2C-35BF7A704D11}.Debug|Any CPU.Build.0 = Debug|Any CPU
		{DFB6D84A-FF9F-4265-BB2C-35BF7A704D11}.Release|Any CPU.ActiveCfg = Release|Any CPU
		{DFB6D84A-FF9F-4265-BB2C-35BF7A704D11}.Release|Any CPU.Build.0 = Release|Any CPU
		{AC9C6787-D989-48B7-88FE-1AE28E7E4A2A}.Debug|Any CPU.ActiveCfg = Debug|Any CPU
		{AC9C6787-D989-48B7-88FE-1AE28E7E4A2A}.Debug|Any CPU.Build.0 = Debug|Any CPU
		{AC9C6787-D989-48B7-88FE-1AE28E7E4A2A}.Release|Any CPU.ActiveCfg = Release|Any CPU
		{AC9C6787-D989-48B7-88FE-1AE28E7E4A2A}.Release|Any CPU.Build.0 = Release|Any CPU
		{D20A4FD3-E0E4-471B-957D-E49389221001}.Debug|Any CPU.ActiveCfg = Debug|Any CPU
		{D20A4FD3-E0E4-471B-957D-E49389221001}.Debug|Any CPU.Build.0 = Debug|Any CPU
		{D20A4FD3-E0E4-471B-957D-E49389221001}.Release|Any CPU.ActiveCfg = Release|Any CPU
		{D20A4FD3-E0E4-471B-957D-E49389221001}.Release|Any CPU.Build.0 = Release|Any CPU
		{98B5F140-3B91-450A-BACC-8A039A10D717}.Debug|Any CPU.ActiveCfg = Debug|Any CPU
		{98B5F140-3B91-450A-BACC-8A039A10D717}.Debug|Any CPU.Build.0 = Debug|Any CPU
		{98B5F140-3B91-450A-BACC-8A039A10D717}.Release|Any CPU.ActiveCfg = Release|Any CPU
		{98B5F140-3B91-450A-BACC-8A039A10D717}.Release|Any CPU.Build.0 = Release|Any CPU
		{0D118EDE-78DD-40DB-82BE-F9AB0090F26A}.Debug|Any CPU.ActiveCfg = Debug|Any CPU
		{0D118EDE-78DD-40DB-82BE-F9AB0090F26A}.Debug|Any CPU.Build.0 = Debug|Any CPU
		{0D118EDE-78DD-40DB-82BE-F9AB0090F26A}.Release|Any CPU.ActiveCfg = Release|Any CPU
		{0D118EDE-78DD-40DB-82BE-F9AB0090F26A}.Release|Any CPU.Build.0 = Release|Any CPU
		{D0C07181-A087-41AD-8C18-4F0FDFF2DAD8}.Debug|Any CPU.ActiveCfg = Debug|Any CPU
		{D0C07181-A087-41AD-8C18-4F0FDFF2DAD8}.Debug|Any CPU.Build.0 = Debug|Any CPU
		{D0C07181-A087-41AD-8C18-4F0FDFF2DAD8}.Release|Any CPU.ActiveCfg = Release|Any CPU
		{D0C07181-A087-41AD-8C18-4F0FDFF2DAD8}.Release|Any CPU.Build.0 = Release|Any CPU
		{2617E034-E9DD-4082-9D82-19AC3BAA75BD}.Debug|Any CPU.ActiveCfg = Debug|Any CPU
		{2617E034-E9DD-4082-9D82-19AC3BAA75BD}.Debug|Any CPU.Build.0 = Debug|Any CPU
		{2617E034-E9DD-4082-9D82-19AC3BAA75BD}.Release|Any CPU.ActiveCfg = Release|Any CPU
		{2617E034-E9DD-4082-9D82-19AC3BAA75BD}.Release|Any CPU.Build.0 = Release|Any CPU
		{BBDD3AC4-5757-43BE-8B6E-94843F465994}.Debug|Any CPU.ActiveCfg = Debug|Any CPU
		{BBDD3AC4-5757-43BE-8B6E-94843F465994}.Debug|Any CPU.Build.0 = Debug|Any CPU
		{BBDD3AC4-5757-43BE-8B6E-94843F465994}.Release|Any CPU.ActiveCfg = Release|Any CPU
		{BBDD3AC4-5757-43BE-8B6E-94843F465994}.Release|Any CPU.Build.0 = Release|Any CPU
		{EECCCE96-8CAE-4CE7-B760-E1609CEC2489}.Debug|Any CPU.ActiveCfg = Debug|Any CPU
		{EECCCE96-8CAE-4CE7-B760-E1609CEC2489}.Debug|Any CPU.Build.0 = Debug|Any CPU
		{EECCCE96-8CAE-4CE7-B760-E1609CEC2489}.Release|Any CPU.ActiveCfg = Release|Any CPU
		{EECCCE96-8CAE-4CE7-B760-E1609CEC2489}.Release|Any CPU.Build.0 = Release|Any CPU
	EndGlobalSection
	GlobalSection(SolutionProperties) = preSolution
		HideSolutionNode = FALSE
	EndGlobalSection
EndGlobal
